// !$*UTF8*$!
{
	archiveVersion = 1;
	classes = {
	};
	objectVersion = 48;
	objects = {

/* Begin PBXBuildFile section */
		250FF5BD20C2CDC80015B33F /* TopicsViewController.swift in Sources */ = {isa = PBXBuildFile; fileRef = 250FF5BC20C2CDC80015B33F /* TopicsViewController.swift */; };
		250FF5BF20C2E8880015B33F /* LoginViewController.swift in Sources */ = {isa = PBXBuildFile; fileRef = 250FF5BE20C2E8880015B33F /* LoginViewController.swift */; };
		250FF5CA20C30E970015B33F /* TopicsTableViewCell.swift in Sources */ = {isa = PBXBuildFile; fileRef = 250FF5C920C30E970015B33F /* TopicsTableViewCell.swift */; };
		2590F20F20C3E29900F29FA3 /* MessagesTableViewController.swift in Sources */ = {isa = PBXBuildFile; fileRef = 2590F20E20C3E29900F29FA3 /* MessagesTableViewController.swift */; };
		2590F21120C3E32200F29FA3 /* MessageTableViewCell.swift in Sources */ = {isa = PBXBuildFile; fileRef = 2590F21020C3E32200F29FA3 /* MessageTableViewCell.swift */; };
		4AC37B6120C428D900531FB7 /* AddTopicView.swift in Sources */ = {isa = PBXBuildFile; fileRef = 4AC37B6020C428D900531FB7 /* AddTopicView.swift */; };
		D59B498220C28E4F00BFB042 /* AppDelegate.swift in Sources */ = {isa = PBXBuildFile; fileRef = D59B498120C28E4F00BFB042 /* AppDelegate.swift */; };
		D59B498420C28E4F00BFB042 /* ViewController.swift in Sources */ = {isa = PBXBuildFile; fileRef = D59B498320C28E4F00BFB042 /* ViewController.swift */; };
		D59B498720C28E4F00BFB042 /* Main.storyboard in Resources */ = {isa = PBXBuildFile; fileRef = D59B498520C28E4F00BFB042 /* Main.storyboard */; };
		D59B498920C28E4F00BFB042 /* Assets.xcassets in Resources */ = {isa = PBXBuildFile; fileRef = D59B498820C28E4F00BFB042 /* Assets.xcassets */; };
		D59B498C20C28E4F00BFB042 /* LaunchScreen.storyboard in Resources */ = {isa = PBXBuildFile; fileRef = D59B498A20C28E4F00BFB042 /* LaunchScreen.storyboard */; };
		D59B499A20C334FD00BFB042 /* APIController.swift in Sources */ = {isa = PBXBuildFile; fileRef = D59B499920C334FD00BFB042 /* APIController.swift */; };
		D59B499D20C340ED00BFB042 /* codableJSON.swift in Sources */ = {isa = PBXBuildFile; fileRef = D59B499B20C340ED00BFB042 /* codableJSON.swift */; };
		D59B499E20C340ED00BFB042 /* Extensions.swift in Sources */ = {isa = PBXBuildFile; fileRef = D59B499C20C340ED00BFB042 /* Extensions.swift */; };
/* End PBXBuildFile section */

/* Begin PBXFileReference section */
		250FF5BC20C2CDC80015B33F /* TopicsViewController.swift */ = {isa = PBXFileReference; lastKnownFileType = sourcecode.swift; path = TopicsViewController.swift; sourceTree = "<group>"; };
		250FF5BE20C2E8880015B33F /* LoginViewController.swift */ = {isa = PBXFileReference; lastKnownFileType = sourcecode.swift; path = LoginViewController.swift; sourceTree = "<group>"; };
		250FF5C920C30E970015B33F /* TopicsTableViewCell.swift */ = {isa = PBXFileReference; lastKnownFileType = sourcecode.swift; path = TopicsTableViewCell.swift; sourceTree = "<group>"; };
		2590F20E20C3E29900F29FA3 /* MessagesTableViewController.swift */ = {isa = PBXFileReference; lastKnownFileType = sourcecode.swift; path = MessagesTableViewController.swift; sourceTree = "<group>"; };
		2590F21020C3E32200F29FA3 /* MessageTableViewCell.swift */ = {isa = PBXFileReference; lastKnownFileType = sourcecode.swift; path = MessageTableViewCell.swift; sourceTree = "<group>"; };
		4AC37B6020C428D900531FB7 /* AddTopicView.swift */ = {isa = PBXFileReference; lastKnownFileType = sourcecode.swift; path = AddTopicView.swift; sourceTree = "<group>"; };
		D59B497E20C28E4F00BFB042 /* Rush00.app */ = {isa = PBXFileReference; explicitFileType = wrapper.application; includeInIndex = 0; path = Rush00.app; sourceTree = BUILT_PRODUCTS_DIR; };
		D59B498120C28E4F00BFB042 /* AppDelegate.swift */ = {isa = PBXFileReference; lastKnownFileType = sourcecode.swift; path = AppDelegate.swift; sourceTree = "<group>"; };
		D59B498320C28E4F00BFB042 /* ViewController.swift */ = {isa = PBXFileReference; lastKnownFileType = sourcecode.swift; path = ViewController.swift; sourceTree = "<group>"; };
		D59B498620C28E4F00BFB042 /* Base */ = {isa = PBXFileReference; lastKnownFileType = file.storyboard; name = Base; path = Base.lproj/Main.storyboard; sourceTree = "<group>"; };
		D59B498820C28E4F00BFB042 /* Assets.xcassets */ = {isa = PBXFileReference; lastKnownFileType = folder.assetcatalog; path = Assets.xcassets; sourceTree = "<group>"; };
		D59B498B20C28E4F00BFB042 /* Base */ = {isa = PBXFileReference; lastKnownFileType = file.storyboard; name = Base; path = Base.lproj/LaunchScreen.storyboard; sourceTree = "<group>"; };
		D59B498D20C28E4F00BFB042 /* Info.plist */ = {isa = PBXFileReference; lastKnownFileType = text.plist.xml; path = Info.plist; sourceTree = "<group>"; };
		D59B499920C334FD00BFB042 /* APIController.swift */ = {isa = PBXFileReference; fileEncoding = 4; lastKnownFileType = sourcecode.swift; path = APIController.swift; sourceTree = "<group>"; };
		D59B499B20C340ED00BFB042 /* codableJSON.swift */ = {isa = PBXFileReference; fileEncoding = 4; lastKnownFileType = sourcecode.swift; name = codableJSON.swift; path = Rush00/Model/codableJSON.swift; sourceTree = SOURCE_ROOT; };
		D59B499C20C340ED00BFB042 /* Extensions.swift */ = {isa = PBXFileReference; fileEncoding = 4; lastKnownFileType = sourcecode.swift; name = Extensions.swift; path = Rush00/Extensions.swift; sourceTree = SOURCE_ROOT; };
/* End PBXFileReference section */

/* Begin PBXFrameworksBuildPhase section */
		D59B497B20C28E4F00BFB042 /* Frameworks */ = {
			isa = PBXFrameworksBuildPhase;
			buildActionMask = 2147483647;
			files = (
			);
			runOnlyForDeploymentPostprocessing = 0;
		};
/* End PBXFrameworksBuildPhase section */

/* Begin PBXGroup section */
		250FF5BB20C2CDA80015B33F /* Controller */ = {
			isa = PBXGroup;
			children = (
				D59B498320C28E4F00BFB042 /* ViewController.swift */,
				250FF5BC20C2CDC80015B33F /* TopicsViewController.swift */,
				250FF5BE20C2E8880015B33F /* LoginViewController.swift */,
				2590F20E20C3E29900F29FA3 /* MessagesTableViewController.swift */,
			);
			path = Controller;
			sourceTree = "<group>";
		};
		250FF5CB20C30FD90015B33F /* View */ = {
			isa = PBXGroup;
			children = (
				4AC37B6020C428D900531FB7 /* AddTopicView.swift */,
				250FF5C920C30E970015B33F /* TopicsTableViewCell.swift */,
				2590F21020C3E32200F29FA3 /* MessageTableViewCell.swift */,
			);
			name = View;
			path = "New Group";
			sourceTree = "<group>";
		};
		2590F20D20C3DBE000F29FA3 /* Model */ = {
			isa = PBXGroup;
			children = (
				D59B499B20C340ED00BFB042 /* codableJSON.swift */,
			);
			path = Model;
			sourceTree = "<group>";
		};
		D59B497520C28E4F00BFB042 = {
			isa = PBXGroup;
			children = (
				D59B498020C28E4F00BFB042 /* Rush00 */,
				D59B497F20C28E4F00BFB042 /* Products */,
			);
			sourceTree = "<group>";
		};
		D59B497F20C28E4F00BFB042 /* Products */ = {
			isa = PBXGroup;
			children = (
				D59B497E20C28E4F00BFB042 /* Rush00.app */,
			);
			name = Products;
			sourceTree = "<group>";
		};
		D59B498020C28E4F00BFB042 /* Rush00 */ = {
			isa = PBXGroup;
			children = (
				2590F20D20C3DBE000F29FA3 /* Model */,
				250FF5CB20C30FD90015B33F /* View */,
				250FF5BB20C2CDA80015B33F /* Controller */,
				D59B498120C28E4F00BFB042 /* AppDelegate.swift */,
				D59B498520C28E4F00BFB042 /* Main.storyboard */,
				D59B498820C28E4F00BFB042 /* Assets.xcassets */,
				D59B498A20C28E4F00BFB042 /* LaunchScreen.storyboard */,
				D59B498D20C28E4F00BFB042 /* Info.plist */,
				D59B499920C334FD00BFB042 /* APIController.swift */,
				D59B499C20C340ED00BFB042 /* Extensions.swift */,
			);
			path = Rush00;
			sourceTree = "<group>";
		};
/* End PBXGroup section */

/* Begin PBXNativeTarget section */
		D59B497D20C28E4F00BFB042 /* Rush00 */ = {
			isa = PBXNativeTarget;
			buildConfigurationList = D59B499020C28E4F00BFB042 /* Build configuration list for PBXNativeTarget "Rush00" */;
			buildPhases = (
				D59B497A20C28E4F00BFB042 /* Sources */,
				D59B497B20C28E4F00BFB042 /* Frameworks */,
				D59B497C20C28E4F00BFB042 /* Resources */,
			);
			buildRules = (
			);
			dependencies = (
			);
			name = Rush00;
			productName = Rush00;
			productReference = D59B497E20C28E4F00BFB042 /* Rush00.app */;
			productType = "com.apple.product-type.application";
		};
/* End PBXNativeTarget section */

/* Begin PBXProject section */
		D59B497620C28E4F00BFB042 /* Project object */ = {
			isa = PBXProject;
			attributes = {
				LastSwiftUpdateCheck = 0920;
				LastUpgradeCheck = 0920;
				ORGANIZATIONNAME = "Jean-christophe BLONDEAU";
				TargetAttributes = {
					D59B497D20C28E4F00BFB042 = {
						CreatedOnToolsVersion = 9.2;
						ProvisioningStyle = Automatic;
					};
				};
			};
			buildConfigurationList = D59B497920C28E4F00BFB042 /* Build configuration list for PBXProject "Rush00" */;
			compatibilityVersion = "Xcode 8.0";
			developmentRegion = en;
			hasScannedForEncodings = 0;
			knownRegions = (
				en,
				Base,
			);
			mainGroup = D59B497520C28E4F00BFB042;
			productRefGroup = D59B497F20C28E4F00BFB042 /* Products */;
			projectDirPath = "";
			projectRoot = "";
			targets = (
				D59B497D20C28E4F00BFB042 /* Rush00 */,
			);
		};
/* End PBXProject section */

/* Begin PBXResourcesBuildPhase section */
		D59B497C20C28E4F00BFB042 /* Resources */ = {
			isa = PBXResourcesBuildPhase;
			buildActionMask = 2147483647;
			files = (
				D59B498C20C28E4F00BFB042 /* LaunchScreen.storyboard in Resources */,
				D59B498920C28E4F00BFB042 /* Assets.xcassets in Resources */,
				D59B498720C28E4F00BFB042 /* Main.storyboard in Resources */,
			);
			runOnlyForDeploymentPostprocessing = 0;
		};
/* End PBXResourcesBuildPhase section */

/* Begin PBXSourcesBuildPhase section */
		D59B497A20C28E4F00BFB042 /* Sources */ = {
			isa = PBXSourcesBuildPhase;
			buildActionMask = 2147483647;
			files = (
				250FF5BF20C2E8880015B33F /* LoginViewController.swift in Sources */,
				D59B498420C28E4F00BFB042 /* ViewController.swift in Sources */,
				D59B499A20C334FD00BFB042 /* APIController.swift in Sources */,
				2590F21120C3E32200F29FA3 /* MessageTableViewCell.swift in Sources */,
				D59B499E20C340ED00BFB042 /* Extensions.swift in Sources */,
				2590F20F20C3E29900F29FA3 /* MessagesTableViewController.swift in Sources */,
				D59B499D20C340ED00BFB042 /* codableJSON.swift in Sources */,
				D59B498220C28E4F00BFB042 /* AppDelegate.swift in Sources */,
				250FF5BD20C2CDC80015B33F /* TopicsViewController.swift in Sources */,
				250FF5CA20C30E970015B33F /* TopicsTableViewCell.swift in Sources */,
				4AC37B6120C428D900531FB7 /* AddTopicView.swift in Sources */,
			);
			runOnlyForDeploymentPostprocessing = 0;
		};
/* End PBXSourcesBuildPhase section */

/* Begin PBXVariantGroup section */
		D59B498520C28E4F00BFB042 /* Main.storyboard */ = {
			isa = PBXVariantGroup;
			children = (
				D59B498620C28E4F00BFB042 /* Base */,
			);
			name = Main.storyboard;
			sourceTree = "<group>";
		};
		D59B498A20C28E4F00BFB042 /* LaunchScreen.storyboard */ = {
			isa = PBXVariantGroup;
			children = (
				D59B498B20C28E4F00BFB042 /* Base */,
			);
			name = LaunchScreen.storyboard;
			sourceTree = "<group>";
		};
/* End PBXVariantGroup section */

/* Begin XCBuildConfiguration section */
		D59B498E20C28E4F00BFB042 /* Debug */ = {
			isa = XCBuildConfiguration;
			buildSettings = {
				ALWAYS_SEARCH_USER_PATHS = NO;
				CLANG_ANALYZER_NONNULL = YES;
				CLANG_ANALYZER_NUMBER_OBJECT_CONVERSION = YES_AGGRESSIVE;
				CLANG_CXX_LANGUAGE_STANDARD = "gnu++14";
				CLANG_CXX_LIBRARY = "libc++";
				CLANG_ENABLE_MODULES = YES;
				CLANG_ENABLE_OBJC_ARC = YES;
				CLANG_WARN_BLOCK_CAPTURE_AUTORELEASING = YES;
				CLANG_WARN_BOOL_CONVERSION = YES;
				CLANG_WARN_COMMA = YES;
				CLANG_WARN_CONSTANT_CONVERSION = YES;
				CLANG_WARN_DIRECT_OBJC_ISA_USAGE = YES_ERROR;
				CLANG_WARN_DOCUMENTATION_COMMENTS = YES;
				CLANG_WARN_EMPTY_BODY = YES;
				CLANG_WARN_ENUM_CONVERSION = YES;
				CLANG_WARN_INFINITE_RECURSION = YES;
				CLANG_WARN_INT_CONVERSION = YES;
				CLANG_WARN_NON_LITERAL_NULL_CONVERSION = YES;
				CLANG_WARN_OBJC_LITERAL_CONVERSION = YES;
				CLANG_WARN_OBJC_ROOT_CLASS = YES_ERROR;
				CLANG_WARN_RANGE_LOOP_ANALYSIS = YES;
				CLANG_WARN_STRICT_PROTOTYPES = YES;
				CLANG_WARN_SUSPICIOUS_MOVE = YES;
				CLANG_WARN_UNGUARDED_AVAILABILITY = YES_AGGRESSIVE;
				CLANG_WARN_UNREACHABLE_CODE = YES;
				CLANG_WARN__DUPLICATE_METHOD_MATCH = YES;
				CODE_SIGN_IDENTITY = "iPhone Developer";
				COPY_PHASE_STRIP = NO;
				DEBUG_INFORMATION_FORMAT = dwarf;
				ENABLE_STRICT_OBJC_MSGSEND = YES;
				ENABLE_TESTABILITY = YES;
				GCC_C_LANGUAGE_STANDARD = gnu11;
				GCC_DYNAMIC_NO_PIC = NO;
				GCC_NO_COMMON_BLOCKS = YES;
				GCC_OPTIMIZATION_LEVEL = 0;
				GCC_PREPROCESSOR_DEFINITIONS = (
					"DEBUG=1",
					"$(inherited)",
				);
				GCC_WARN_64_TO_32_BIT_CONVERSION = YES;
				GCC_WARN_ABOUT_RETURN_TYPE = YES_ERROR;
				GCC_WARN_UNDECLARED_SELECTOR = YES;
				GCC_WARN_UNINITIALIZED_AUTOS = YES_AGGRESSIVE;
				GCC_WARN_UNUSED_FUNCTION = YES;
				GCC_WARN_UNUSED_VARIABLE = YES;
				IPHONEOS_DEPLOYMENT_TARGET = 11.2;
				MTL_ENABLE_DEBUG_INFO = YES;
				ONLY_ACTIVE_ARCH = YES;
				SDKROOT = iphoneos;
				SWIFT_ACTIVE_COMPILATION_CONDITIONS = DEBUG;
				SWIFT_OPTIMIZATION_LEVEL = "-Onone";
			};
			name = Debug;
		};
		D59B498F20C28E4F00BFB042 /* Release */ = {
			isa = XCBuildConfiguration;
			buildSettings = {
				ALWAYS_SEARCH_USER_PATHS = NO;
				CLANG_ANALYZER_NONNULL = YES;
				CLANG_ANALYZER_NUMBER_OBJECT_CONVERSION = YES_AGGRESSIVE;
				CLANG_CXX_LANGUAGE_STANDARD = "gnu++14";
				CLANG_CXX_LIBRARY = "libc++";
				CLANG_ENABLE_MODULES = YES;
				CLANG_ENABLE_OBJC_ARC = YES;
				CLANG_WARN_BLOCK_CAPTURE_AUTORELEASING = YES;
				CLANG_WARN_BOOL_CONVERSION = YES;
				CLANG_WARN_COMMA = YES;
				CLANG_WARN_CONSTANT_CONVERSION = YES;
				CLANG_WARN_DIRECT_OBJC_ISA_USAGE = YES_ERROR;
				CLANG_WARN_DOCUMENTATION_COMMENTS = YES;
				CLANG_WARN_EMPTY_BODY = YES;
				CLANG_WARN_ENUM_CONVERSION = YES;
				CLANG_WARN_INFINITE_RECURSION = YES;
				CLANG_WARN_INT_CONVERSION = YES;
				CLANG_WARN_NON_LITERAL_NULL_CONVERSION = YES;
				CLANG_WARN_OBJC_LITERAL_CONVERSION = YES;
				CLANG_WARN_OBJC_ROOT_CLASS = YES_ERROR;
				CLANG_WARN_RANGE_LOOP_ANALYSIS = YES;
				CLANG_WARN_STRICT_PROTOTYPES = YES;
				CLANG_WARN_SUSPICIOUS_MOVE = YES;
				CLANG_WARN_UNGUARDED_AVAILABILITY = YES_AGGRESSIVE;
				CLANG_WARN_UNREACHABLE_CODE = YES;
				CLANG_WARN__DUPLICATE_METHOD_MATCH = YES;
				CODE_SIGN_IDENTITY = "iPhone Developer";
				COPY_PHASE_STRIP = NO;
				DEBUG_INFORMATION_FORMAT = "dwarf-with-dsym";
				ENABLE_NS_ASSERTIONS = NO;
				ENABLE_STRICT_OBJC_MSGSEND = YES;
				GCC_C_LANGUAGE_STANDARD = gnu11;
				GCC_NO_COMMON_BLOCKS = YES;
				GCC_WARN_64_TO_32_BIT_CONVERSION = YES;
				GCC_WARN_ABOUT_RETURN_TYPE = YES_ERROR;
				GCC_WARN_UNDECLARED_SELECTOR = YES;
				GCC_WARN_UNINITIALIZED_AUTOS = YES_AGGRESSIVE;
				GCC_WARN_UNUSED_FUNCTION = YES;
				GCC_WARN_UNUSED_VARIABLE = YES;
				IPHONEOS_DEPLOYMENT_TARGET = 11.2;
				MTL_ENABLE_DEBUG_INFO = NO;
				SDKROOT = iphoneos;
				SWIFT_OPTIMIZATION_LEVEL = "-Owholemodule";
				VALIDATE_PRODUCT = YES;
			};
			name = Release;
		};
		D59B499120C28E4F00BFB042 /* Debug */ = {
			isa = XCBuildConfiguration;
			buildSettings = {
				ASSETCATALOG_COMPILER_APPICON_NAME = AppIcon;
				"CODE_SIGN_IDENTITY[sdk=iphoneos*]" = "iPhone Developer";
				CODE_SIGN_STYLE = Automatic;
				DEVELOPMENT_TEAM = 9K6SF2D4HP;
				INFOPLIST_FILE = Rush00/Info.plist;
				IPHONEOS_DEPLOYMENT_TARGET = 11.0;
				LD_RUNPATH_SEARCH_PATHS = "$(inherited) @executable_path/Frameworks";
				PRODUCT_BUNDLE_IDENTIFIER = com.rush00;
				PRODUCT_NAME = "$(TARGET_NAME)";
				PROVISIONING_PROFILE_SPECIFIER = "";
				SWIFT_VERSION = 4.0;
				TARGETED_DEVICE_FAMILY = "1,2";
			};
			name = Debug;
		};
		D59B499220C28E4F00BFB042 /* Release */ = {
			isa = XCBuildConfiguration;
			buildSettings = {
				ASSETCATALOG_COMPILER_APPICON_NAME = AppIcon;
				"CODE_SIGN_IDENTITY[sdk=iphoneos*]" = "iPhone Developer";
				CODE_SIGN_STYLE = Automatic;
				DEVELOPMENT_TEAM = 9K6SF2D4HP;
				INFOPLIST_FILE = Rush00/Info.plist;
				IPHONEOS_DEPLOYMENT_TARGET = 11.0;
				LD_RUNPATH_SEARCH_PATHS = "$(inherited) @executable_path/Frameworks";
				PRODUCT_BUNDLE_IDENTIFIER = com.rush00;
				PRODUCT_NAME = "$(TARGET_NAME)";
				PROVISIONING_PROFILE_SPECIFIER = "";
				SWIFT_VERSION = 4.0;
				TARGETED_DEVICE_FAMILY = "1,2";
			};
			name = Release;
		};
/* End XCBuildConfiguration section */

/* Begin XCConfigurationList section */
		D59B497920C28E4F00BFB042 /* Build configuration list for PBXProject "Rush00" */ = {
			isa = XCConfigurationList;
			buildConfigurations = (
				D59B498E20C28E4F00BFB042 /* Debug */,
				D59B498F20C28E4F00BFB042 /* Release */,
			);
			defaultConfigurationIsVisible = 0;
			defaultConfigurationName = Release;
		};
		D59B499020C28E4F00BFB042 /* Build configuration list for PBXNativeTarget "Rush00" */ = {
			isa = XCConfigurationList;
			buildConfigurations = (
				D59B499120C28E4F00BFB042 /* Debug */,
				D59B499220C28E4F00BFB042 /* Release */,
			);
			defaultConfigurationIsVisible = 0;
			defaultConfigurationName = Release;
		};
/* End XCConfigurationList section */
	};
	rootObject = D59B497620C28E4F00BFB042 /* Project object */;
}
